
Microsoft Visual Studio Solution File, Format Version 11.00
# Visual Studio 2010
Project("{8BC9CEB8-8B4A-11D0-8D11-00A0C91BC942}") = "LFTPool", "LFTPool\LFTPool.vcxproj", "{FCB971BC-068E-4CF0-A829-C22AEA31B587}"
EndProject
Project("{8BC9CEB8-8B4A-11D0-8D11-00A0C91BC942}") = "thread_pool", "thread_pool\thread_pool.vcxproj", "{948C7D88-54BB-48CF-B05B-08A365538190}"
EndProject
Global
	GlobalSection(SolutionConfigurationPlatforms) = preSolution
		Debug|Win32 = Debug|Win32
		Release|Win32 = Release|Win32
	EndGlobalSection
	GlobalSection(ProjectConfigurationPlatforms) = postSolution
		{FCB971BC-068E-4CF0-A829-C22AEA31B587}.Debug|Win32.ActiveCfg = Debug|Win32
		{FCB971BC-068E-4CF0-A829-C22AEA31B587}.Debug|Win32.Build.0 = Debug|Win32
		{FCB971BC-068E-4CF0-A829-C22AEA31B587}.Release|Win32.ActiveCfg = Release|Win32
		{FCB971BC-068E-4CF0-A829-C22AEA31B587}.Release|Win32.Build.0 = Release|Win32
		{948C7D88-54BB-48CF-B05B-08A365538190}.Debug|Win32.ActiveCfg = Debug|Win32
		{948C7D88-54BB-48CF-B05B-08A365538190}.Debug|Win32.Build.0 = Debug|Win32
		{948C7D88-54BB-48CF-B05B-08A365538190}.Release|Win32.ActiveCfg = Release|Win32
		{948C7D88-54BB-48CF-B05B-08A365538190}.Release|Win32.Build.0 = Release|Win32
	EndGlobalSection
	GlobalSection(SolutionProperties) = preSolution
		HideSolutionNode = FALSE
	EndGlobalSection
EndGlobal
